schema: '2.0'
stages:
  load_data:
    cmd: python src\load_data.py --config=params.yaml
    deps:
    - path: data_given\winequality.csv
      hash: md5
      md5: 00bae0723163d72ead02b3c7aa90a77a
      size: 93598
    - path: src\get_data.py
      hash: md5
      md5: 099f8d71a6d80798d5d76a3379ef9b4e
      size: 607
    - path: src\load_data.py
      hash: md5
      md5: b3ea84734980e7fa293822dc9029f589
      size: 585
    outs:
    - path: data\raw\winequality.csv
      hash: md5
      md5: 069b522b0321bc25a626ceeffcb8eb44
      size: 93598
  split_data:
    cmd: python src\split_data.py --config=params.yaml
    deps:
    - path: data\raw\winequality.csv
      hash: md5
      md5: 069b522b0321bc25a626ceeffcb8eb44
      size: 93598
    - path: src\split_data.py
      hash: md5
      md5: 8f71405df123d50b38e59a550efdabdd
      size: 1099
    outs:
    - path: data\processed\test_winequality.csv
      hash: md5
      md5: ee3284843265e5855bc07dd6427ab1c2
      size: 18831
    - path: data\processed\train_winequality.csv
      hash: md5
      md5: 81dce00e053ba5ebabeacf8e7dca537a
      size: 74913
  train_and_evaluate:
    cmd: python src\train_and_evaluate.py --config=params.yaml
    deps:
    - path: data\processed\test_winequality.csv
      hash: md5
      md5: ee3284843265e5855bc07dd6427ab1c2
      size: 18831
    - path: data\processed\train_winequality.csv
      hash: md5
      md5: 81dce00e053ba5ebabeacf8e7dca537a
      size: 74913
    - path: src\train_and_evaluate.py
      hash: md5
      md5: b43a738cc8e26e29526c11ce151e5a07
      size: 2672
    params:
      params.yaml:
        estimators.ElasticNet.params.alpha: 0.88
        estimators.ElasticNet.params.l1_ratio: 0.89
    outs:
    - path: report\params.json
      hash: md5
      md5: 755b8fd0b91a91aa84d16d6699480af6
      size: 46
    - path: report\scores.json
      hash: md5
      md5: 817cef279a79e424cdff9c3aeaa68d6e
      size: 100
    - path: saved_models\model.joblib
      hash: md5
      md5: d6d0800c921b33da9ac424daf1437c7d
      size: 1269
